
Microsoft Visual Studio Solution File, Format Version 12.00
# Visual Studio Version 17
VisualStudioVersion = 17.9.34728.123
MinimumVisualStudioVersion = 10.0.40219.1
Project("{9A19103F-16F7-4668-BE54-9A1E7A4F7556}") = "SampleWebApi", "02. WebApi\SampleWebApi\SampleWebApi.csproj", "{6F543760-2307-4B23-9BDA-6B87547AF2DF}"
EndProject
Global
	GlobalSection(SolutionConfigurationPlatforms) = preSolution
		Debug|Any CPU = Debug|Any CPU
		Release|Any CPU = Release|Any CPU
	EndGlobalSection
	GlobalSection(ProjectConfigurationPlatforms) = postSolution
		{6F543760-2307-4B23-9BDA-6B87547AF2DF}.Debug|Any CPU.ActiveCfg = Debug|Any CPU
		{6F543760-2307-4B23-9BDA-6B87547AF2DF}.Debug|Any CPU.Build.0 = Debug|Any CPU
		{6F543760-2307-4B23-9BDA-6B87547AF2DF}.Release|Any CPU.ActiveCfg = Release|Any CPU
		{6F543760-2307-4B23-9BDA-6B87547AF2DF}.Release|Any CPU.Build.0 = Release|Any CPU
	EndGlobalSection
	GlobalSection(SolutionProperties) = preSolution
		HideSolutionNode = FALSE
	EndGlobalSection
	GlobalSection(ExtensibilityGlobals) = postSolution
		SolutionGuid = {D9F5B36D-9A02-4961-8E1B-C86D26A78282}
	EndGlobalSection
EndGlobal
